
Microsoft Visual Studio Solution File, Format Version 12.00
# Visual Studio Version 16
VisualStudioVersion = 16.0.30114.105
MinimumVisualStudioVersion = 10.0.40219.1
Project("{FAE04EC0-301F-11D3-BF4B-00C04F79EFBC}") = "AP", "AP\AP.csproj", "{7BE8FAEB-84F1-481B-8BC1-31BD25C443EB}"
EndProject
Global
	GlobalSection(SolutionConfigurationPlatforms) = preSolution
		Debug|Any CPU = Debug|Any CPU
		Release|Any CPU = Release|Any CPU
	EndGlobalSection
	GlobalSection(ProjectConfigurationPlatforms) = postSolution
		{7BE8FAEB-84F1-481B-8BC1-31BD25C443EB}.Debug|Any CPU.ActiveCfg = Debug|Any CPU
		{7BE8FAEB-84F1-481B-8BC1-31BD25C443EB}.Debug|Any CPU.Build.0 = Debug|Any CPU
		{7BE8FAEB-84F1-481B-8BC1-31BD25C443EB}.Release|Any CPU.ActiveCfg = Release|Any CPU
		{7BE8FAEB-84F1-481B-8BC1-31BD25C443EB}.Release|Any CPU.Build.0 = Release|Any CPU
	EndGlobalSection
	GlobalSection(SolutionProperties) = preSolution
		HideSolutionNode = FALSE
	EndGlobalSection
	GlobalSection(ExtensibilityGlobals) = postSolution
		SolutionGuid = {DE15668F-9339-4B6E-BB92-BEA5AAEB6A2C}
	EndGlobalSection
EndGlobal
